// !$*UTF8*$!
{
	archiveVersion = 1;
	classes = {
	};
	objectVersion = 50;
	objects = {

/* Begin PBXBuildFile section */
		5410D2B8250661A90097DE94 /* Thing.swift in Sources */ = {isa = PBXBuildFile; fileRef = 5410D2B7250661A90097DE94 /* Thing.swift */; };
		5410D2BA250670A70097DE94 /* Publisher+FilterOutErrors.swift in Sources */ = {isa = PBXBuildFile; fileRef = 5410D2B9250670A70097DE94 /* Publisher+FilterOutErrors.swift */; };
		54CBB0E625061F7400FD9ED7 /* AppDelegate.swift in Sources */ = {isa = PBXBuildFile; fileRef = 54CBB0E525061F7400FD9ED7 /* AppDelegate.swift */; };
		54CBB0E825061F7400FD9ED7 /* SceneDelegate.swift in Sources */ = {isa = PBXBuildFile; fileRef = 54CBB0E725061F7400FD9ED7 /* SceneDelegate.swift */; };
		54CBB0EA25061F7400FD9ED7 /* ContentView.swift in Sources */ = {isa = PBXBuildFile; fileRef = 54CBB0E925061F7400FD9ED7 /* ContentView.swift */; };
		54CBB0EC25061F7600FD9ED7 /* Assets.xcassets in Resources */ = {isa = PBXBuildFile; fileRef = 54CBB0EB25061F7600FD9ED7 /* Assets.xcassets */; };
		54CBB0EF25061F7600FD9ED7 /* Preview Assets.xcassets in Resources */ = {isa = PBXBuildFile; fileRef = 54CBB0EE25061F7600FD9ED7 /* Preview Assets.xcassets */; };
		54CBB0F225061F7600FD9ED7 /* LaunchScreen.storyboard in Resources */ = {isa = PBXBuildFile; fileRef = 54CBB0F025061F7600FD9ED7 /* LaunchScreen.storyboard */; };
		54CBB0FD25061F7600FD9ED7 /* WebSocketDemoTests.swift in Sources */ = {isa = PBXBuildFile; fileRef = 54CBB0FC25061F7600FD9ED7 /* WebSocketDemoTests.swift */; };
		54CBB10825061FF400FD9ED7 /* CodableWebSocket.swift in Sources */ = {isa = PBXBuildFile; fileRef = 54CBB10725061FF400FD9ED7 /* CodableWebSocket.swift */; };
/* End PBXBuildFile section */

/* Begin PBXContainerItemProxy section */
		54CBB0F925061F7600FD9ED7 /* PBXContainerItemProxy */ = {
			isa = PBXContainerItemProxy;
			containerPortal = 54CBB0DA25061F7400FD9ED7 /* Project object */;
			proxyType = 1;
			remoteGlobalIDString = 54CBB0E125061F7400FD9ED7;
			remoteInfo = WebSocketDemo;
		};
/* End PBXContainerItemProxy section */

/* Begin PBXFileReference section */
		5410D2B7250661A90097DE94 /* Thing.swift */ = {isa = PBXFileReference; lastKnownFileType = sourcecode.swift; path = Thing.swift; sourceTree = "<group>"; };
		5410D2B9250670A70097DE94 /* Publisher+FilterOutErrors.swift */ = {isa = PBXFileReference; lastKnownFileType = sourcecode.swift; path = "Publisher+FilterOutErrors.swift"; sourceTree = "<group>"; };
		54CBB0E225061F7400FD9ED7 /* WebSocketDemo.app */ = {isa = PBXFileReference; explicitFileType = wrapper.application; includeInIndex = 0; path = WebSocketDemo.app; sourceTree = BUILT_PRODUCTS_DIR; };
		54CBB0E525061F7400FD9ED7 /* AppDelegate.swift */ = {isa = PBXFileReference; lastKnownFileType = sourcecode.swift; path = AppDelegate.swift; sourceTree = "<group>"; };
		54CBB0E725061F7400FD9ED7 /* SceneDelegate.swift */ = {isa = PBXFileReference; lastKnownFileType = sourcecode.swift; path = SceneDelegate.swift; sourceTree = "<group>"; };
		54CBB0E925061F7400FD9ED7 /* ContentView.swift */ = {isa = PBXFileReference; lastKnownFileType = sourcecode.swift; path = ContentView.swift; sourceTree = "<group>"; };
		54CBB0EB25061F7600FD9ED7 /* Assets.xcassets */ = {isa = PBXFileReference; lastKnownFileType = folder.assetcatalog; path = Assets.xcassets; sourceTree = "<group>"; };
		54CBB0EE25061F7600FD9ED7 /* Preview Assets.xcassets */ = {isa = PBXFileReference; lastKnownFileType = folder.assetcatalog; path = "Preview Assets.xcassets"; sourceTree = "<group>"; };
		54CBB0F125061F7600FD9ED7 /* Base */ = {isa = PBXFileReference; lastKnownFileType = file.storyboard; name = Base; path = Base.lproj/LaunchScreen.storyboard; sourceTree = "<group>"; };
		54CBB0F325061F7600FD9ED7 /* Info.plist */ = {isa = PBXFileReference; lastKnownFileType = text.plist.xml; path = Info.plist; sourceTree = "<group>"; };
		54CBB0F825061F7600FD9ED7 /* WebSocketDemoTests.xctest */ = {isa = PBXFileReference; explicitFileType = wrapper.cfbundle; includeInIndex = 0; path = WebSocketDemoTests.xctest; sourceTree = BUILT_PRODUCTS_DIR; };
		54CBB0FC25061F7600FD9ED7 /* WebSocketDemoTests.swift */ = {isa = PBXFileReference; lastKnownFileType = sourcecode.swift; path = WebSocketDemoTests.swift; sourceTree = "<group>"; };
		54CBB0FE25061F7600FD9ED7 /* Info.plist */ = {isa = PBXFileReference; lastKnownFileType = text.plist.xml; path = Info.plist; sourceTree = "<group>"; };
		54CBB10725061FF400FD9ED7 /* CodableWebSocket.swift */ = {isa = PBXFileReference; lastKnownFileType = sourcecode.swift; path = CodableWebSocket.swift; sourceTree = "<group>"; };
/* End PBXFileReference section */

/* Begin PBXFrameworksBuildPhase section */
		54CBB0DF25061F7400FD9ED7 /* Frameworks */ = {
			isa = PBXFrameworksBuildPhase;
			buildActionMask = 2147483647;
			files = (
			);
			runOnlyForDeploymentPostprocessing = 0;
		};
		54CBB0F525061F7600FD9ED7 /* Frameworks */ = {
			isa = PBXFrameworksBuildPhase;
			buildActionMask = 2147483647;
			files = (
			);
			runOnlyForDeploymentPostprocessing = 0;
		};
/* End PBXFrameworksBuildPhase section */

/* Begin PBXGroup section */
		54CBB0D925061F7400FD9ED7 = {
			isa = PBXGroup;
			children = (
				54CBB10725061FF400FD9ED7 /* CodableWebSocket.swift */,
				54CBB0E425061F7400FD9ED7 /* WebSocketDemo */,
				54CBB0FB25061F7600FD9ED7 /* WebSocketDemoTests */,
				54CBB0E325061F7400FD9ED7 /* Products */,
			);
			sourceTree = "<group>";
		};
		54CBB0E325061F7400FD9ED7 /* Products */ = {
			isa = PBXGroup;
			children = (
				54CBB0E225061F7400FD9ED7 /* WebSocketDemo.app */,
				54CBB0F825061F7600FD9ED7 /* WebSocketDemoTests.xctest */,
			);
			name = Products;
			sourceTree = "<group>";
		};
		54CBB0E425061F7400FD9ED7 /* WebSocketDemo */ = {
			isa = PBXGroup;
			children = (
				54CBB0E525061F7400FD9ED7 /* AppDelegate.swift */,
				54CBB0E725061F7400FD9ED7 /* SceneDelegate.swift */,
				5410D2B7250661A90097DE94 /* Thing.swift */,
				5410D2B9250670A70097DE94 /* Publisher+FilterOutErrors.swift */,
				54CBB0E925061F7400FD9ED7 /* ContentView.swift */,
				54CBB0EB25061F7600FD9ED7 /* Assets.xcassets */,
				54CBB0F025061F7600FD9ED7 /* LaunchScreen.storyboard */,
				54CBB0F325061F7600FD9ED7 /* Info.plist */,
				54CBB0ED25061F7600FD9ED7 /* Preview Content */,
			);
			path = WebSocketDemo;
			sourceTree = "<group>";
		};
		54CBB0ED25061F7600FD9ED7 /* Preview Content */ = {
			isa = PBXGroup;
			children = (
				54CBB0EE25061F7600FD9ED7 /* Preview Assets.xcassets */,
			);
			path = "Preview Content";
			sourceTree = "<group>";
		};
		54CBB0FB25061F7600FD9ED7 /* WebSocketDemoTests */ = {
			isa = PBXGroup;
			children = (
				54CBB0FC25061F7600FD9ED7 /* WebSocketDemoTests.swift */,
				54CBB0FE25061F7600FD9ED7 /* Info.plist */,
			);
			path = WebSocketDemoTests;
			sourceTree = "<group>";
		};
/* End PBXGroup section */

/* Begin PBXNativeTarget section */
		54CBB0E125061F7400FD9ED7 /* WebSocketDemo */ = {
			isa = PBXNativeTarget;
			buildConfigurationList = 54CBB10125061F7600FD9ED7 /* Build configuration list for PBXNativeTarget "WebSocketDemo" */;
			buildPhases = (
				54CBB0DE25061F7400FD9ED7 /* Sources */,
				54CBB0DF25061F7400FD9ED7 /* Frameworks */,
				54CBB0E025061F7400FD9ED7 /* Resources */,
			);
			buildRules = (
			);
			dependencies = (
			);
			name = WebSocketDemo;
			productName = WebSocketDemo;
			productReference = 54CBB0E225061F7400FD9ED7 /* WebSocketDemo.app */;
			productType = "com.apple.product-type.application";
		};
		54CBB0F725061F7600FD9ED7 /* WebSocketDemoTests */ = {
			isa = PBXNativeTarget;
			buildConfigurationList = 54CBB10425061F7600FD9ED7 /* Build configuration list for PBXNativeTarget "WebSocketDemoTests" */;
			buildPhases = (
				54CBB0F425061F7600FD9ED7 /* Sources */,
				54CBB0F525061F7600FD9ED7 /* Frameworks */,
				54CBB0F625061F7600FD9ED7 /* Resources */,
			);
			buildRules = (
			);
			dependencies = (
				54CBB0FA25061F7600FD9ED7 /* PBXTargetDependency */,
			);
			name = WebSocketDemoTests;
			productName = WebSocketDemoTests;
			productReference = 54CBB0F825061F7600FD9ED7 /* WebSocketDemoTests.xctest */;
			productType = "com.apple.product-type.bundle.unit-test";
		};
/* End PBXNativeTarget section */

/* Begin PBXProject section */
		54CBB0DA25061F7400FD9ED7 /* Project object */ = {
			isa = PBXProject;
			attributes = {
				LastSwiftUpdateCheck = 1170;
				LastUpgradeCheck = 1170;
				ORGANIZATIONNAME = "David Crooks";
				TargetAttributes = {
					54CBB0E125061F7400FD9ED7 = {
						CreatedOnToolsVersion = 11.7;
					};
					54CBB0F725061F7600FD9ED7 = {
						CreatedOnToolsVersion = 11.7;
						TestTargetID = 54CBB0E125061F7400FD9ED7;
					};
				};
			};
			buildConfigurationList = 54CBB0DD25061F7400FD9ED7 /* Build configuration list for PBXProject "CodableWebSocketExample" */;
			compatibilityVersion = "Xcode 9.3";
			developmentRegion = en;
			hasScannedForEncodings = 0;
			knownRegions = (
				en,
				Base,
			);
			mainGroup = 54CBB0D925061F7400FD9ED7;
			productRefGroup = 54CBB0E325061F7400FD9ED7 /* Products */;
			projectDirPath = "";
			projectRoot = "";
			targets = (
				54CBB0E125061F7400FD9ED7 /* WebSocketDemo */,
				54CBB0F725061F7600FD9ED7 /* WebSocketDemoTests */,
			);
		};
/* End PBXProject section */

/* Begin PBXResourcesBuildPhase section */
		54CBB0E025061F7400FD9ED7 /* Resources */ = {
			isa = PBXResourcesBuildPhase;
			buildActionMask = 2147483647;
			files = (
				54CBB0F225061F7600FD9ED7 /* LaunchScreen.storyboard in Resources */,
				54CBB0EF25061F7600FD9ED7 /* Preview Assets.xcassets in Resources */,
				54CBB0EC25061F7600FD9ED7 /* Assets.xcassets in Resources */,
			);
			runOnlyForDeploymentPostprocessing = 0;
		};
		54CBB0F625061F7600FD9ED7 /* Resources */ = {
			isa = PBXResourcesBuildPhase;
			buildActionMask = 2147483647;
			files = (
			);
			runOnlyForDeploymentPostprocessing = 0;
		};
/* End PBXResourcesBuildPhase section */

/* Begin PBXSourcesBuildPhase section */
		54CBB0DE25061F7400FD9ED7 /* Sources */ = {
			isa = PBXSourcesBuildPhase;
			buildActionMask = 2147483647;
			files = (
				54CBB0E625061F7400FD9ED7 /* AppDelegate.swift in Sources */,
				54CBB10825061FF400FD9ED7 /* CodableWebSocket.swift in Sources */,
				5410D2BA250670A70097DE94 /* Publisher+FilterOutErrors.swift in Sources */,
				54CBB0E825061F7400FD9ED7 /* SceneDelegate.swift in Sources */,
				5410D2B8250661A90097DE94 /* Thing.swift in Sources */,
				54CBB0EA25061F7400FD9ED7 /* ContentView.swift in Sources */,
			);
			runOnlyForDeploymentPostprocessing = 0;
		};
		54CBB0F425061F7600FD9ED7 /* Sources */ = {
			isa = PBXSourcesBuildPhase;
			buildActionMask = 2147483647;
			files = (
				54CBB0FD25061F7600FD9ED7 /* WebSocketDemoTests.swift in Sources */,
			);
			runOnlyForDeploymentPostprocessing = 0;
		};
/* End PBXSourcesBuildPhase section */

/* Begin PBXTargetDependency section */
		54CBB0FA25061F7600FD9ED7 /* PBXTargetDependency */ = {
			isa = PBXTargetDependency;
			target = 54CBB0E125061F7400FD9ED7 /* WebSocketDemo */;
			targetProxy = 54CBB0F925061F7600FD9ED7 /* PBXContainerItemProxy */;
		};
/* End PBXTargetDependency section */

/* Begin PBXVariantGroup section */
		54CBB0F025061F7600FD9ED7 /* LaunchScreen.storyboard */ = {
			isa = PBXVariantGroup;
			children = (
				54CBB0F125061F7600FD9ED7 /* Base */,
			);
			name = LaunchScreen.storyboard;
			sourceTree = "<group>";
		};
/* End PBXVariantGroup section */

/* Begin XCBuildConfiguration section */
		54CBB0FF25061F7600FD9ED7 /* Debug */ = {
			isa = XCBuildConfiguration;
			buildSettings = {
				ALWAYS_SEARCH_USER_PATHS = NO;
				CLANG_ANALYZER_NONNULL = YES;
				CLANG_ANALYZER_NUMBER_OBJECT_CONVERSION = YES_AGGRESSIVE;
				CLANG_CXX_LANGUAGE_STANDARD = "gnu++14";
				CLANG_CXX_LIBRARY = "libc++";
				CLANG_ENABLE_MODULES = YES;
				CLANG_ENABLE_OBJC_ARC = YES;
				CLANG_ENABLE_OBJC_WEAK = YES;
				CLANG_WARN_BLOCK_CAPTURE_AUTORELEASING = YES;
				CLANG_WARN_BOOL_CONVERSION = YES;
				CLANG_WARN_COMMA = YES;
				CLANG_WARN_CONSTANT_CONVERSION = YES;
				CLANG_WARN_DEPRECATED_OBJC_IMPLEMENTATIONS = YES;
				CLANG_WARN_DIRECT_OBJC_ISA_USAGE = YES_ERROR;
				CLANG_WARN_DOCUMENTATION_COMMENTS = YES;
				CLANG_WARN_EMPTY_BODY = YES;
				CLANG_WARN_ENUM_CONVERSION = YES;
				CLANG_WARN_INFINITE_RECURSION = YES;
				CLANG_WARN_INT_CONVERSION = YES;
				CLANG_WARN_NON_LITERAL_NULL_CONVERSION = YES;
				CLANG_WARN_OBJC_IMPLICIT_RETAIN_SELF = YES;
				CLANG_WARN_OBJC_LITERAL_CONVERSION = YES;
				CLANG_WARN_OBJC_ROOT_CLASS = YES_ERROR;
				CLANG_WARN_RANGE_LOOP_ANALYSIS = YES;
				CLANG_WARN_STRICT_PROTOTYPES = YES;
				CLANG_WARN_SUSPICIOUS_MOVE = YES;
				CLANG_WARN_UNGUARDED_AVAILABILITY = YES_AGGRESSIVE;
				CLANG_WARN_UNREACHABLE_CODE = YES;
				CLANG_WARN__DUPLICATE_METHOD_MATCH = YES;
				COPY_PHASE_STRIP = NO;
				DEBUG_INFORMATION_FORMAT = dwarf;
				ENABLE_STRICT_OBJC_MSGSEND = YES;
				ENABLE_TESTABILITY = YES;
				GCC_C_LANGUAGE_STANDARD = gnu11;
				GCC_DYNAMIC_NO_PIC = NO;
				GCC_NO_COMMON_BLOCKS = YES;
				GCC_OPTIMIZATION_LEVEL = 0;
				GCC_PREPROCESSOR_DEFINITIONS = (
					"DEBUG=1",
					"$(inherited)",
				);
				GCC_WARN_64_TO_32_BIT_CONVERSION = YES;
				GCC_WARN_ABOUT_RETURN_TYPE = YES_ERROR;
				GCC_WARN_UNDECLARED_SELECTOR = YES;
				GCC_WARN_UNINITIALIZED_AUTOS = YES_AGGRESSIVE;
				GCC_WARN_UNUSED_FUNCTION = YES;
				GCC_WARN_UNUSED_VARIABLE = YES;
				IPHONEOS_DEPLOYMENT_TARGET = 13.7;
				MTL_ENABLE_DEBUG_INFO = INCLUDE_SOURCE;
				MTL_FAST_MATH = YES;
				ONLY_ACTIVE_ARCH = YES;
				SDKROOT = iphoneos;
				SWIFT_ACTIVE_COMPILATION_CONDITIONS = DEBUG;
				SWIFT_OPTIMIZATION_LEVEL = "-Onone";
			};
			name = Debug;
		};
		54CBB10025061F7600FD9ED7 /* Release */ = {
			isa = XCBuildConfiguration;
			buildSettings = {
				ALWAYS_SEARCH_USER_PATHS = NO;
				CLANG_ANALYZER_NONNULL = YES;
				CLANG_ANALYZER_NUMBER_OBJECT_CONVERSION = YES_AGGRESSIVE;
				CLANG_CXX_LANGUAGE_STANDARD = "gnu++14";
				CLANG_CXX_LIBRARY = "libc++";
				CLANG_ENABLE_MODULES = YES;
				CLANG_ENABLE_OBJC_ARC = YES;
				CLANG_ENABLE_OBJC_WEAK = YES;
				CLANG_WARN_BLOCK_CAPTURE_AUTORELEASING = YES;
				CLANG_WARN_BOOL_CONVERSION = YES;
				CLANG_WARN_COMMA = YES;
				CLANG_WARN_CONSTANT_CONVERSION = YES;
				CLANG_WARN_DEPRECATED_OBJC_IMPLEMENTATIONS = YES;
				CLANG_WARN_DIRECT_OBJC_ISA_USAGE = YES_ERROR;
				CLANG_WARN_DOCUMENTATION_COMMENTS = YES;
				CLANG_WARN_EMPTY_BODY = YES;
				CLANG_WARN_ENUM_CONVERSION = YES;
				CLANG_WARN_INFINITE_RECURSION = YES;
				CLANG_WARN_INT_CONVERSION = YES;
				CLANG_WARN_NON_LITERAL_NULL_CONVERSION = YES;
				CLANG_WARN_OBJC_IMPLICIT_RETAIN_SELF = YES;
				CLANG_WARN_OBJC_LITERAL_CONVERSION = YES;
				CLANG_WARN_OBJC_ROOT_CLASS = YES_ERROR;
				CLANG_WARN_RANGE_LOOP_ANALYSIS = YES;
				CLANG_WARN_STRICT_PROTOTYPES = YES;
				CLANG_WARN_SUSPICIOUS_MOVE = YES;
				CLANG_WARN_UNGUARDED_AVAILABILITY = YES_AGGRESSIVE;
				CLANG_WARN_UNREACHABLE_CODE = YES;
				CLANG_WARN__DUPLICATE_METHOD_MATCH = YES;
				COPY_PHASE_STRIP = NO;
				DEBUG_INFORMATION_FORMAT = "dwarf-with-dsym";
				ENABLE_NS_ASSERTIONS = NO;
				ENABLE_STRICT_OBJC_MSGSEND = YES;
				GCC_C_LANGUAGE_STANDARD = gnu11;
				GCC_NO_COMMON_BLOCKS = YES;
				GCC_WARN_64_TO_32_BIT_CONVERSION = YES;
				GCC_WARN_ABOUT_RETURN_TYPE = YES_ERROR;
				GCC_WARN_UNDECLARED_SELECTOR = YES;
				GCC_WARN_UNINITIALIZED_AUTOS = YES_AGGRESSIVE;
				GCC_WARN_UNUSED_FUNCTION = YES;
				GCC_WARN_UNUSED_VARIABLE = YES;
				IPHONEOS_DEPLOYMENT_TARGET = 13.7;
				MTL_ENABLE_DEBUG_INFO = NO;
				MTL_FAST_MATH = YES;
				SDKROOT = iphoneos;
				SWIFT_COMPILATION_MODE = wholemodule;
				SWIFT_OPTIMIZATION_LEVEL = "-O";
				VALIDATE_PRODUCT = YES;
			};
			name = Release;
		};
		54CBB10225061F7600FD9ED7 /* Debug */ = {
			isa = XCBuildConfiguration;
			buildSettings = {
				ASSETCATALOG_COMPILER_APPICON_NAME = AppIcon;
				CODE_SIGN_STYLE = Automatic;
				DEVELOPMENT_ASSET_PATHS = "\"WebSocketDemo/Preview Content\"";
				DEVELOPMENT_TEAM = 84Y3R5UC5Q;
				ENABLE_PREVIEWS = YES;
				INFOPLIST_FILE = WebSocketDemo/Info.plist;
				LD_RUNPATH_SEARCH_PATHS = (
					"$(inherited)",
					"@executable_path/Frameworks",
				);
				PRODUCT_BUNDLE_IDENTIFIER = com.crooks.WebSocketDemo;
				PRODUCT_NAME = "$(TARGET_NAME)";
				SWIFT_VERSION = 5.0;
				TARGETED_DEVICE_FAMILY = "1,2";
			};
			name = Debug;
		};
		54CBB10325061F7600FD9ED7 /* Release */ = {
			isa = XCBuildConfiguration;
			buildSettings = {
				ASSETCATALOG_COMPILER_APPICON_NAME = AppIcon;
				CODE_SIGN_STYLE = Automatic;
				DEVELOPMENT_ASSET_PATHS = "\"WebSocketDemo/Preview Content\"";
				DEVELOPMENT_TEAM = 84Y3R5UC5Q;
				ENABLE_PREVIEWS = YES;
				INFOPLIST_FILE = WebSocketDemo/Info.plist;
				LD_RUNPATH_SEARCH_PATHS = (
					"$(inherited)",
					"@executable_path/Frameworks",
				);
				PRODUCT_BUNDLE_IDENTIFIER = com.crooks.WebSocketDemo;
				PRODUCT_NAME = "$(TARGET_NAME)";
				SWIFT_VERSION = 5.0;
				TARGETED_DEVICE_FAMILY = "1,2";
			};
			name = Release;
		};
		54CBB10525061F7600FD9ED7 /* Debug */ = {
			isa = XCBuildConfiguration;
			buildSettings = {
				ALWAYS_EMBED_SWIFT_STANDARD_LIBRARIES = YES;
				BUNDLE_LOADER = "$(TEST_HOST)";
				CODE_SIGN_STYLE = Automatic;
				DEVELOPMENT_TEAM = 84Y3R5UC5Q;
				INFOPLIST_FILE = WebSocketDemoTests/Info.plist;
				IPHONEOS_DEPLOYMENT_TARGET = 13.7;
				LD_RUNPATH_SEARCH_PATHS = (
					"$(inherited)",
					"@executable_path/Frameworks",
					"@loader_path/Frameworks",
				);
				PRODUCT_BUNDLE_IDENTIFIER = com.crooks.WebSocketDemoTests;
				PRODUCT_NAME = "$(TARGET_NAME)";
				SWIFT_VERSION = 5.0;
				TARGETED_DEVICE_FAMILY = "1,2";
				TEST_HOST = "$(BUILT_PRODUCTS_DIR)/WebSocketDemo.app/WebSocketDemo";
			};
			name = Debug;
		};
		54CBB10625061F7600FD9ED7 /* Release */ = {
			isa = XCBuildConfiguration;
			buildSettings = {
				ALWAYS_EMBED_SWIFT_STANDARD_LIBRARIES = YES;
				BUNDLE_LOADER = "$(TEST_HOST)";
				CODE_SIGN_STYLE = Automatic;
				DEVELOPMENT_TEAM = 84Y3R5UC5Q;
				INFOPLIST_FILE = WebSocketDemoTests/Info.plist;
				IPHONEOS_DEPLOYMENT_TARGET = 13.7;
				LD_RUNPATH_SEARCH_PATHS = (
					"$(inherited)",
					"@executable_path/Frameworks",
					"@loader_path/Frameworks",
				);
				PRODUCT_BUNDLE_IDENTIFIER = com.crooks.WebSocketDemoTests;
				PRODUCT_NAME = "$(TARGET_NAME)";
				SWIFT_VERSION = 5.0;
				TARGETED_DEVICE_FAMILY = "1,2";
				TEST_HOST = "$(BUILT_PRODUCTS_DIR)/WebSocketDemo.app/WebSocketDemo";
			};
			name = Release;
		};
/* End XCBuildConfiguration section */

/* Begin XCConfigurationList section */
		54CBB0DD25061F7400FD9ED7 /* Build configuration list for PBXProject "CodableWebSocketExample" */ = {
			isa = XCConfigurationList;
			buildConfigurations = (
				54CBB0FF25061F7600FD9ED7 /* Debug */,
				54CBB10025061F7600FD9ED7 /* Release */,
			);
			defaultConfigurationIsVisible = 0;
			defaultConfigurationName = Release;
		};
		54CBB10125061F7600FD9ED7 /* Build configuration list for PBXNativeTarget "WebSocketDemo" */ = {
			isa = XCConfigurationList;
			buildConfigurations = (
				54CBB10225061F7600FD9ED7 /* Debug */,
				54CBB10325061F7600FD9ED7 /* Release */,
			);
			defaultConfigurationIsVisible = 0;
			defaultConfigurationName = Release;
		};
		54CBB10425061F7600FD9ED7 /* Build configuration list for PBXNativeTarget "WebSocketDemoTests" */ = {
			isa = XCConfigurationList;
			buildConfigurations = (
				54CBB10525061F7600FD9ED7 /* Debug */,
				54CBB10625061F7600FD9ED7 /* Release */,
			);
			defaultConfigurationIsVisible = 0;
			defaultConfigurationName = Release;
		};
/* End XCConfigurationList section */
	};
	rootObject = 54CBB0DA25061F7400FD9ED7 /* Project object */;
}
